// !$*UTF8*$!
{
	archiveVersion = 1;
	classes = {
	};
	objectVersion = 46;
	objects = {

/* Begin PBXBuildFile section */
		5C78B85219C8437D0041B2F3 /* CustomSegue.swift in Sources */ = {isa = PBXBuildFile; fileRef = 5C78B85119C8437D0041B2F3 /* CustomSegue.swift */; };
		5CC492E619C7159F001B88BB /* AppDelegate.swift in Sources */ = {isa = PBXBuildFile; fileRef = 5CC492E519C7159F001B88BB /* AppDelegate.swift */; };
		5CC492E819C7159F001B88BB /* FirstViewController.swift in Sources */ = {isa = PBXBuildFile; fileRef = 5CC492E719C7159F001B88BB /* FirstViewController.swift */; };
		5CC492EB19C7159F001B88BB /* Main.storyboard in Resources */ = {isa = PBXBuildFile; fileRef = 5CC492E919C7159F001B88BB /* Main.storyboard */; };
		5CC492ED19C715A0001B88BB /* Images.xcassets in Resources */ = {isa = PBXBuildFile; fileRef = 5CC492EC19C715A0001B88BB /* Images.xcassets */; };
		5CC492F019C715A0001B88BB /* LaunchScreen.xib in Resources */ = {isa = PBXBuildFile; fileRef = 5CC492EE19C715A0001B88BB /* LaunchScreen.xib */; };
		5CC492FC19C715A0001B88BB /* CustomSeguesTests.swift in Sources */ = {isa = PBXBuildFile; fileRef = 5CC492FB19C715A0001B88BB /* CustomSeguesTests.swift */; };
/* End PBXBuildFile section */

/* Begin PBXContainerItemProxy section */
		5CC492F619C715A0001B88BB /* PBXContainerItemProxy */ = {
			isa = PBXContainerItemProxy;
			containerPortal = 5CC492D819C7159F001B88BB /* Project object */;
			proxyType = 1;
			remoteGlobalIDString = 5CC492DF19C7159F001B88BB;
			remoteInfo = CustomSegues;
		};
/* End PBXContainerItemProxy section */

/* Begin PBXFileReference section */
		5C78B85119C8437D0041B2F3 /* CustomSegue.swift */ = {isa = PBXFileReference; fileEncoding = 4; lastKnownFileType = sourcecode.swift; path = CustomSegue.swift; sourceTree = "<group>"; };
		5CC492E019C7159F001B88BB /* CustomSegues.app */ = {isa = PBXFileReference; explicitFileType = wrapper.application; includeInIndex = 0; path = CustomSegues.app; sourceTree = BUILT_PRODUCTS_DIR; };
		5CC492E419C7159F001B88BB /* Info.plist */ = {isa = PBXFileReference; lastKnownFileType = text.plist.xml; path = Info.plist; sourceTree = "<group>"; };
		5CC492E519C7159F001B88BB /* AppDelegate.swift */ = {isa = PBXFileReference; lastKnownFileType = sourcecode.swift; path = AppDelegate.swift; sourceTree = "<group>"; };
		5CC492E719C7159F001B88BB /* FirstViewController.swift */ = {isa = PBXFileReference; lastKnownFileType = sourcecode.swift; path = FirstViewController.swift; sourceTree = "<group>"; };
		5CC492EA19C7159F001B88BB /* Base */ = {isa = PBXFileReference; lastKnownFileType = file.storyboard; name = Base; path = Base.lproj/Main.storyboard; sourceTree = "<group>"; };
		5CC492EC19C715A0001B88BB /* Images.xcassets */ = {isa = PBXFileReference; lastKnownFileType = folder.assetcatalog; path = Images.xcassets; sourceTree = "<group>"; };
		5CC492EF19C715A0001B88BB /* Base */ = {isa = PBXFileReference; lastKnownFileType = file.xib; name = Base; path = Base.lproj/LaunchScreen.xib; sourceTree = "<group>"; };
		5CC492F519C715A0001B88BB /* CustomSeguesTests.xctest */ = {isa = PBXFileReference; explicitFileType = wrapper.cfbundle; includeInIndex = 0; path = CustomSeguesTests.xctest; sourceTree = BUILT_PRODUCTS_DIR; };
		5CC492FA19C715A0001B88BB /* Info.plist */ = {isa = PBXFileReference; lastKnownFileType = text.plist.xml; path = Info.plist; sourceTree = "<group>"; };
		5CC492FB19C715A0001B88BB /* CustomSeguesTests.swift */ = {isa = PBXFileReference; lastKnownFileType = sourcecode.swift; path = CustomSeguesTests.swift; sourceTree = "<group>"; };
/* End PBXFileReference section */

/* Begin PBXFrameworksBuildPhase section */
		5CC492DD19C7159F001B88BB /* Frameworks */ = {
			isa = PBXFrameworksBuildPhase;
			buildActionMask = 2147483647;
			files = (
			);
			runOnlyForDeploymentPostprocessing = 0;
		};
		5CC492F219C715A0001B88BB /* Frameworks */ = {
			isa = PBXFrameworksBuildPhase;
			buildActionMask = 2147483647;
			files = (
			);
			runOnlyForDeploymentPostprocessing = 0;
		};
/* End PBXFrameworksBuildPhase section */

/* Begin PBXGroup section */
		5CC492D719C7159F001B88BB = {
			isa = PBXGroup;
			children = (
				5CC492E219C7159F001B88BB /* CustomSegues */,
				5CC492F819C715A0001B88BB /* CustomSeguesTests */,
				5CC492E119C7159F001B88BB /* Products */,
			);
			sourceTree = "<group>";
		};
		5CC492E119C7159F001B88BB /* Products */ = {
			isa = PBXGroup;
			children = (
				5CC492E019C7159F001B88BB /* CustomSegues.app */,
				5CC492F519C715A0001B88BB /* CustomSeguesTests.xctest */,
			);
			name = Products;
			sourceTree = "<group>";
		};
		5CC492E219C7159F001B88BB /* CustomSegues */ = {
			isa = PBXGroup;
			children = (
				5CC492E519C7159F001B88BB /* AppDelegate.swift */,
				5CC492E719C7159F001B88BB /* FirstViewController.swift */,
				5C78B85119C8437D0041B2F3 /* CustomSegue.swift */,
				5CC492E919C7159F001B88BB /* Main.storyboard */,
				5CC492EC19C715A0001B88BB /* Images.xcassets */,
				5CC492EE19C715A0001B88BB /* LaunchScreen.xib */,
				5CC492E319C7159F001B88BB /* Supporting Files */,
			);
			path = CustomSegues;
			sourceTree = "<group>";
		};
		5CC492E319C7159F001B88BB /* Supporting Files */ = {
			isa = PBXGroup;
			children = (
				5CC492E419C7159F001B88BB /* Info.plist */,
			);
			name = "Supporting Files";
			sourceTree = "<group>";
		};
		5CC492F819C715A0001B88BB /* CustomSeguesTests */ = {
			isa = PBXGroup;
			children = (
				5CC492FB19C715A0001B88BB /* CustomSeguesTests.swift */,
				5CC492F919C715A0001B88BB /* Supporting Files */,
			);
			path = CustomSeguesTests;
			sourceTree = "<group>";
		};
		5CC492F919C715A0001B88BB /* Supporting Files */ = {
			isa = PBXGroup;
			children = (
				5CC492FA19C715A0001B88BB /* Info.plist */,
			);
			name = "Supporting Files";
			sourceTree = "<group>";
		};
/* End PBXGroup section */

/* Begin PBXNativeTarget section */
		5CC492DF19C7159F001B88BB /* CustomSegues */ = {
			isa = PBXNativeTarget;
			buildConfigurationList = 5CC492FF19C715A0001B88BB /* Build configuration list for PBXNativeTarget "CustomSegues" */;
			buildPhases = (
				5CC492DC19C7159F001B88BB /* Sources */,
				5CC492DD19C7159F001B88BB /* Frameworks */,
				5CC492DE19C7159F001B88BB /* Resources */,
			);
			buildRules = (
			);
			dependencies = (
			);
			name = CustomSegues;
			productName = CustomSegues;
			productReference = 5CC492E019C7159F001B88BB /* CustomSegues.app */;
			productType = "com.apple.product-type.application";
		};
		5CC492F419C715A0001B88BB /* CustomSeguesTests */ = {
			isa = PBXNativeTarget;
			buildConfigurationList = 5CC4930219C715A0001B88BB /* Build configuration list for PBXNativeTarget "CustomSeguesTests" */;
			buildPhases = (
				5CC492F119C715A0001B88BB /* Sources */,
				5CC492F219C715A0001B88BB /* Frameworks */,
				5CC492F319C715A0001B88BB /* Resources */,
			);
			buildRules = (
			);
			dependencies = (
				5CC492F719C715A0001B88BB /* PBXTargetDependency */,
			);
			name = CustomSeguesTests;
			productName = CustomSeguesTests;
			productReference = 5CC492F519C715A0001B88BB /* CustomSeguesTests.xctest */;
			productType = "com.apple.product-type.bundle.unit-test";
		};
/* End PBXNativeTarget section */

/* Begin PBXProject section */
		5CC492D819C7159F001B88BB /* Project object */ = {
			isa = PBXProject;
			attributes = {
				LastSwiftUpdateCheck = 0700;
				LastUpgradeCheck = 0730;
				ORGANIZATIONNAME = HoodBrains;
				TargetAttributes = {
					5CC492DF19C7159F001B88BB = {
						CreatedOnToolsVersion = 6.0;
					};
					5CC492F419C715A0001B88BB = {
						CreatedOnToolsVersion = 6.0;
						TestTargetID = 5CC492DF19C7159F001B88BB;
					};
				};
			};
			buildConfigurationList = 5CC492DB19C7159F001B88BB /* Build configuration list for PBXProject "CustomSegues" */;
			compatibilityVersion = "Xcode 3.2";
			developmentRegion = English;
			hasScannedForEncodings = 0;
			knownRegions = (
				en,
				Base,
			);
			mainGroup = 5CC492D719C7159F001B88BB;
			productRefGroup = 5CC492E119C7159F001B88BB /* Products */;
			projectDirPath = "";
			projectRoot = "";
			targets = (
				5CC492DF19C7159F001B88BB /* CustomSegues */,
				5CC492F419C715A0001B88BB /* CustomSeguesTests */,
			);
		};
/* End PBXProject section */

/* Begin PBXResourcesBuildPhase section */
		5CC492DE19C7159F001B88BB /* Resources */ = {
			isa = PBXResourcesBuildPhase;
			buildActionMask = 2147483647;
			files = (
				5CC492EB19C7159F001B88BB /* Main.storyboard in Resources */,
				5CC492F019C715A0001B88BB /* LaunchScreen.xib in Resources */,
				5CC492ED19C715A0001B88BB /* Images.xcassets in Resources */,
			);
			runOnlyForDeploymentPostprocessing = 0;
		};
		5CC492F319C715A0001B88BB /* Resources */ = {
			isa = PBXResourcesBuildPhase;
			buildActionMask = 2147483647;
			files = (
			);
			runOnlyForDeploymentPostprocessing = 0;
		};
/* End PBXResourcesBuildPhase section */

/* Begin PBXSourcesBuildPhase section */
		5CC492DC19C7159F001B88BB /* Sources */ = {
			isa = PBXSourcesBuildPhase;
			buildActionMask = 2147483647;
			files = (
				5CC492E819C7159F001B88BB /* FirstViewController.swift in Sources */,
				5C78B85219C8437D0041B2F3 /* CustomSegue.swift in Sources */,
				5CC492E619C7159F001B88BB /* AppDelegate.swift in Sources */,
			);
			runOnlyForDeploymentPostprocessing = 0;
		};
		5CC492F119C715A0001B88BB /* Sources */ = {
			isa = PBXSourcesBuildPhase;
			buildActionMask = 2147483647;
			files = (
				5CC492FC19C715A0001B88BB /* CustomSeguesTests.swift in Sources */,
			);
			runOnlyForDeploymentPostprocessing = 0;
		};
/* End PBXSourcesBuildPhase section */

/* Begin PBXTargetDependency section */
		5CC492F719C715A0001B88BB /* PBXTargetDependency */ = {
			isa = PBXTargetDependency;
			target = 5CC492DF19C7159F001B88BB /* CustomSegues */;
			targetProxy = 5CC492F619C715A0001B88BB /* PBXContainerItemProxy */;
		};
/* End PBXTargetDependency section */

/* Begin PBXVariantGroup section */
		5CC492E919C7159F001B88BB /* Main.storyboard */ = {
			isa = PBXVariantGroup;
			children = (
				5CC492EA19C7159F001B88BB /* Base */,
			);
			name = Main.storyboard;
			sourceTree = "<group>";
		};
		5CC492EE19C715A0001B88BB /* LaunchScreen.xib */ = {
			isa = PBXVariantGroup;
			children = (
				5CC492EF19C715A0001B88BB /* Base */,
			);
			name = LaunchScreen.xib;
			sourceTree = "<group>";
		};
/* End PBXVariantGroup section */

/* Begin XCBuildConfiguration section */
		5CC492FD19C715A0001B88BB /* Debug */ = {
			isa = XCBuildConfiguration;
			buildSettings = {
				ALWAYS_SEARCH_USER_PATHS = NO;
				CLANG_CXX_LANGUAGE_STANDARD = "gnu++0x";
				CLANG_CXX_LIBRARY = "libc++";
				CLANG_ENABLE_MODULES = YES;
				CLANG_ENABLE_OBJC_ARC = YES;
				CLANG_WARN_BOOL_CONVERSION = YES;
				CLANG_WARN_CONSTANT_CONVERSION = YES;
				CLANG_WARN_DIRECT_OBJC_ISA_USAGE = YES_ERROR;
				CLANG_WARN_EMPTY_BODY = YES;
				CLANG_WARN_ENUM_CONVERSION = YES;
				CLANG_WARN_INT_CONVERSION = YES;
				CLANG_WARN_OBJC_ROOT_CLASS = YES_ERROR;
				CLANG_WARN_UNREACHABLE_CODE = YES;
				CLANG_WARN__DUPLICATE_METHOD_MATCH = YES;
				"CODE_SIGN_IDENTITY[sdk=iphoneos*]" = "iPhone Developer";
				COPY_PHASE_STRIP = NO;
				ENABLE_STRICT_OBJC_MSGSEND = YES;
				ENABLE_TESTABILITY = YES;
				GCC_C_LANGUAGE_STANDARD = gnu99;
				GCC_DYNAMIC_NO_PIC = NO;
				GCC_OPTIMIZATION_LEVEL = 0;
				GCC_PREPROCESSOR_DEFINITIONS = (
					"DEBUG=1",
					"$(inherited)",
				);
				GCC_SYMBOLS_PRIVATE_EXTERN = NO;
				GCC_WARN_64_TO_32_BIT_CONVERSION = YES;
				GCC_WARN_ABOUT_RETURN_TYPE = YES_ERROR;
				GCC_WARN_UNDECLARED_SELECTOR = YES;
				GCC_WARN_UNINITIALIZED_AUTOS = YES_AGGRESSIVE;
				GCC_WARN_UNUSED_FUNCTION = YES;
				GCC_WARN_UNUSED_VARIABLE = YES;
				IPHONEOS_DEPLOYMENT_TARGET = 8.0;
				MTL_ENABLE_DEBUG_INFO = YES;
				ONLY_ACTIVE_ARCH = YES;
				SDKROOT = iphoneos;
				SWIFT_OPTIMIZATION_LEVEL = "-Onone";
			};
			name = Debug;
		};
		5CC492FE19C715A0001B88BB /* Release */ = {
			isa = XCBuildConfiguration;
			buildSettings = {
				ALWAYS_SEARCH_USER_PATHS = NO;
				CLANG_CXX_LANGUAGE_STANDARD = "gnu++0x";
				CLANG_CXX_LIBRARY = "libc++";
				CLANG_ENABLE_MODULES = YES;
				CLANG_ENABLE_OBJC_ARC = YES;
				CLANG_WARN_BOOL_CONVERSION = YES;
				CLANG_WARN_CONSTANT_CONVERSION = YES;
				CLANG_WARN_DIRECT_OBJC_ISA_USAGE = YES_ERROR;
				CLANG_WARN_EMPTY_BODY = YES;
				CLANG_WARN_ENUM_CONVERSION = YES;
				CLANG_WARN_INT_CONVERSION = YES;
				CLANG_WARN_OBJC_ROOT_CLASS = YES_ERROR;
				CLANG_WARN_UNREACHABLE_CODE = YES;
				CLANG_WARN__DUPLICATE_METHOD_MATCH = YES;
				"CODE_SIGN_IDENTITY[sdk=iphoneos*]" = "iPhone Developer";
				COPY_PHASE_STRIP = YES;
				ENABLE_NS_ASSERTIONS = NO;
				ENABLE_STRICT_OBJC_MSGSEND = YES;
				GCC_C_LANGUAGE_STANDARD = gnu99;
				GCC_WARN_64_TO_32_BIT_CONVERSION = YES;
				GCC_WARN_ABOUT_RETURN_TYPE = YES_ERROR;
				GCC_WARN_UNDECLARED_SELECTOR = YES;
				GCC_WARN_UNINITIALIZED_AUTOS = YES_AGGRESSIVE;
				GCC_WARN_UNUSED_FUNCTION = YES;
				GCC_WARN_UNUSED_VARIABLE = YES;
				IPHONEOS_DEPLOYMENT_TARGET = 8.0;
				MTL_ENABLE_DEBUG_INFO = NO;
				SDKROOT = iphoneos;
				VALIDATE_PRODUCT = YES;
			};
			name = Release;
		};
		5CC4930019C715A0001B88BB /* Debug */ = {
			isa = XCBuildConfiguration;
			buildSettings = {
				ASSETCATALOG_COMPILER_APPICON_NAME = AppIcon;
				INFOPLIST_FILE = CustomSegues/Info.plist;
				LD_RUNPATH_SEARCH_PATHS = "$(inherited) @executable_path/Frameworks";
				PRODUCT_BUNDLE_IDENTIFIER = "com.hoodbrains.$(PRODUCT_NAME:rfc1034identifier)";
				PRODUCT_NAME = "$(TARGET_NAME)";
			};
			name = Debug;
		};
		5CC4930119C715A0001B88BB /* Release */ = {
			isa = XCBuildConfiguration;
			buildSettings = {
				ASSETCATALOG_COMPILER_APPICON_NAME = AppIcon;
				INFOPLIST_FILE = CustomSegues/Info.plist;
				LD_RUNPATH_SEARCH_PATHS = "$(inherited) @executable_path/Frameworks";
				PRODUCT_BUNDLE_IDENTIFIER = "com.hoodbrains.$(PRODUCT_NAME:rfc1034identifier)";
				PRODUCT_NAME = "$(TARGET_NAME)";
			};
			name = Release;
		};
		5CC4930319C715A0001B88BB /* Debug */ = {
			isa = XCBuildConfiguration;
			buildSettings = {
				BUNDLE_LOADER = "$(TEST_HOST)";
				FRAMEWORK_SEARCH_PATHS = (
					"$(SDKROOT)/Developer/Library/Frameworks",
					"$(inherited)",
				);
				GCC_PREPROCESSOR_DEFINITIONS = (
					"DEBUG=1",
					"$(inherited)",
				);
				INFOPLIST_FILE = CustomSeguesTests/Info.plist;
				LD_RUNPATH_SEARCH_PATHS = "$(inherited) @executable_path/Frameworks @loader_path/Frameworks";
				PRODUCT_BUNDLE_IDENTIFIER = "com.hoodbrains.$(PRODUCT_NAME:rfc1034identifier)";
				PRODUCT_NAME = "$(TARGET_NAME)";
				TEST_HOST = "$(BUILT_PRODUCTS_DIR)/CustomSegues.app/CustomSegues";
			};
			name = Debug;
		};
		5CC4930419C715A0001B88BB /* Release */ = {
			isa = XCBuildConfiguration;
			buildSettings = {
				BUNDLE_LOADER = "$(TEST_HOST)";
				FRAMEWORK_SEARCH_PATHS = (
					"$(SDKROOT)/Developer/Library/Frameworks",
					"$(inherited)",
				);
				INFOPLIST_FILE = CustomSeguesTests/Info.plist;
				LD_RUNPATH_SEARCH_PATHS = "$(inherited) @executable_path/Frameworks @loader_path/Frameworks";
				PRODUCT_BUNDLE_IDENTIFIER = "com.hoodbrains.$(PRODUCT_NAME:rfc1034identifier)";
				PRODUCT_NAME = "$(TARGET_NAME)";
				TEST_HOST = "$(BUILT_PRODUCTS_DIR)/CustomSegues.app/CustomSegues";
			};
			name = Release;
		};
/* End XCBuildConfiguration section */

/* Begin XCConfigurationList section */
		5CC492DB19C7159F001B88BB /* Build configuration list for PBXProject "CustomSegues" */ = {
			isa = XCConfigurationList;
			buildConfigurations = (
				5CC492FD19C715A0001B88BB /* Debug */,
				5CC492FE19C715A0001B88BB /* Release */,
			);
			defaultConfigurationIsVisible = 0;
			defaultConfigurationName = Release;
		};
		5CC492FF19C715A0001B88BB /* Build configuration list for PBXNativeTarget "CustomSegues" */ = {
			isa = XCConfigurationList;
			buildConfigurations = (
				5CC4930019C715A0001B88BB /* Debug */,
				5CC4930119C715A0001B88BB /* Release */,
			);
			defaultConfigurationIsVisible = 0;
			defaultConfigurationName = Release;
		};
		5CC4930219C715A0001B88BB /* Build configuration list for PBXNativeTarget "CustomSeguesTests" */ = {
			isa = XCConfigurationList;
			buildConfigurations = (
				5CC4930319C715A0001B88BB /* Debug */,
				5CC4930419C715A0001B88BB /* Release */,
			);
			defaultConfigurationIsVisible = 0;
			defaultConfigurationName = Release;
		};
/* End XCConfigurationList section */
	};
	rootObject = 5CC492D819C7159F001B88BB /* Project object */;
}
